// !$*UTF8*$!
{
	archiveVersion = 1;
	classes = {
	};
	objectVersion = 46;
	objects = {

/* Begin PBXBuildFile section */
		140FC4051F1DECBF00D92250 /* balls.png in Resources */ = {isa = PBXBuildFile; fileRef = 140FC4041F1DECBF00D92250 /* balls.png */; };
		1442BDAD1F1D1BAD00167AB9 /* classPickerVC.swift in Sources */ = {isa = PBXBuildFile; fileRef = 1442BDAC1F1D1BAD00167AB9 /* classPickerVC.swift */; };
		1442BDAF1F1D24A000167AB9 /* testVC.swift in Sources */ = {isa = PBXBuildFile; fileRef = 1442BDAE1F1D24A000167AB9 /* testVC.swift */; };
		14AAD73E1F1C694F00BC6E9E /* AppDelegate.swift in Sources */ = {isa = PBXBuildFile; fileRef = 14AAD73D1F1C694F00BC6E9E /* AppDelegate.swift */; };
		14AAD7401F1C694F00BC6E9E /* ViewController.swift in Sources */ = {isa = PBXBuildFile; fileRef = 14AAD73F1F1C694F00BC6E9E /* ViewController.swift */; };
		14AAD7431F1C694F00BC6E9E /* Main.storyboard in Resources */ = {isa = PBXBuildFile; fileRef = 14AAD7411F1C694F00BC6E9E /* Main.storyboard */; };
		14AAD7451F1C694F00BC6E9E /* Assets.xcassets in Resources */ = {isa = PBXBuildFile; fileRef = 14AAD7441F1C694F00BC6E9E /* Assets.xcassets */; };
		14AAD7481F1C694F00BC6E9E /* LaunchScreen.storyboard in Resources */ = {isa = PBXBuildFile; fileRef = 14AAD7461F1C694F00BC6E9E /* LaunchScreen.storyboard */; };
		14F439541F1CA27D0060D839 /* openGroupVC.swift in Sources */ = {isa = PBXBuildFile; fileRef = 14F439531F1CA27D0060D839 /* openGroupVC.swift */; };
/* End PBXBuildFile section */

/* Begin PBXFileReference section */
		140FC4041F1DECBF00D92250 /* balls.png */ = {isa = PBXFileReference; lastKnownFileType = image.png; path = balls.png; sourceTree = "<group>"; };
		1442BDAC1F1D1BAD00167AB9 /* classPickerVC.swift */ = {isa = PBXFileReference; fileEncoding = 4; lastKnownFileType = sourcecode.swift; path = classPickerVC.swift; sourceTree = "<group>"; };
		1442BDAE1F1D24A000167AB9 /* testVC.swift */ = {isa = PBXFileReference; fileEncoding = 4; lastKnownFileType = sourcecode.swift; path = testVC.swift; sourceTree = "<group>"; };
		14AAD73A1F1C694F00BC6E9E /* together.app */ = {isa = PBXFileReference; explicitFileType = wrapper.application; includeInIndex = 0; path = together.app; sourceTree = BUILT_PRODUCTS_DIR; };
		14AAD73D1F1C694F00BC6E9E /* AppDelegate.swift */ = {isa = PBXFileReference; lastKnownFileType = sourcecode.swift; path = AppDelegate.swift; sourceTree = "<group>"; };
		14AAD73F1F1C694F00BC6E9E /* ViewController.swift */ = {isa = PBXFileReference; lastKnownFileType = sourcecode.swift; path = ViewController.swift; sourceTree = "<group>"; };
		14AAD7421F1C694F00BC6E9E /* Base */ = {isa = PBXFileReference; lastKnownFileType = file.storyboard; name = Base; path = Base.lproj/Main.storyboard; sourceTree = "<group>"; };
		14AAD7441F1C694F00BC6E9E /* Assets.xcassets */ = {isa = PBXFileReference; lastKnownFileType = folder.assetcatalog; path = Assets.xcassets; sourceTree = "<group>"; };
		14AAD7471F1C694F00BC6E9E /* Base */ = {isa = PBXFileReference; lastKnownFileType = file.storyboard; name = Base; path = Base.lproj/LaunchScreen.storyboard; sourceTree = "<group>"; };
		14AAD7491F1C694F00BC6E9E /* Info.plist */ = {isa = PBXFileReference; lastKnownFileType = text.plist.xml; path = Info.plist; sourceTree = "<group>"; };
		14F439531F1CA27D0060D839 /* openGroupVC.swift */ = {isa = PBXFileReference; fileEncoding = 4; lastKnownFileType = sourcecode.swift; path = openGroupVC.swift; sourceTree = "<group>"; };
/* End PBXFileReference section */

/* Begin PBXFrameworksBuildPhase section */
		14AAD7371F1C694F00BC6E9E /* Frameworks */ = {
			isa = PBXFrameworksBuildPhase;
			buildActionMask = 2147483647;
			files = (
			);
			runOnlyForDeploymentPostprocessing = 0;
		};
/* End PBXFrameworksBuildPhase section */

/* Begin PBXGroup section */
		140FC4031F1DEC9A00D92250 /* imgs */ = {
			isa = PBXGroup;
			children = (
				140FC4041F1DECBF00D92250 /* balls.png */,
			);
			name = imgs;
			sourceTree = "<group>";
		};
		14AAD7311F1C694F00BC6E9E = {
			isa = PBXGroup;
			children = (
				14AAD73C1F1C694F00BC6E9E /* together */,
				14AAD73B1F1C694F00BC6E9E /* Products */,
			);
			sourceTree = "<group>";
		};
		14AAD73B1F1C694F00BC6E9E /* Products */ = {
			isa = PBXGroup;
			children = (
				14AAD73A1F1C694F00BC6E9E /* together.app */,
			);
			name = Products;
			sourceTree = "<group>";
		};
		14AAD73C1F1C694F00BC6E9E /* together */ = {
			isa = PBXGroup;
			children = (
				140FC4031F1DEC9A00D92250 /* imgs */,
				14AAD73D1F1C694F00BC6E9E /* AppDelegate.swift */,
				14AAD73F1F1C694F00BC6E9E /* ViewController.swift */,
				14AAD7411F1C694F00BC6E9E /* Main.storyboard */,
				14AAD7441F1C694F00BC6E9E /* Assets.xcassets */,
				14AAD7461F1C694F00BC6E9E /* LaunchScreen.storyboard */,
				14AAD7491F1C694F00BC6E9E /* Info.plist */,
				14F439531F1CA27D0060D839 /* openGroupVC.swift */,
				1442BDAC1F1D1BAD00167AB9 /* classPickerVC.swift */,
				1442BDAE1F1D24A000167AB9 /* testVC.swift */,
			);
			path = together;
			sourceTree = "<group>";
		};
/* End PBXGroup section */

/* Begin PBXNativeTarget section */
		14AAD7391F1C694F00BC6E9E /* together */ = {
			isa = PBXNativeTarget;
			buildConfigurationList = 14AAD74C1F1C694F00BC6E9E /* Build configuration list for PBXNativeTarget "together" */;
			buildPhases = (
				14AAD7361F1C694F00BC6E9E /* Sources */,
				14AAD7371F1C694F00BC6E9E /* Frameworks */,
				14AAD7381F1C694F00BC6E9E /* Resources */,
			);
			buildRules = (
			);
			dependencies = (
			);
			name = together;
			productName = together;
			productReference = 14AAD73A1F1C694F00BC6E9E /* together.app */;
			productType = "com.apple.product-type.application";
		};
/* End PBXNativeTarget section */

/* Begin PBXProject section */
		14AAD7321F1C694F00BC6E9E /* Project object */ = {
			isa = PBXProject;
			attributes = {
				LastSwiftUpdateCheck = 0830;
				LastUpgradeCheck = 0830;
				ORGANIZATIONNAME = "Seven Tsai";
				TargetAttributes = {
					14AAD7391F1C694F00BC6E9E = {
						CreatedOnToolsVersion = 8.3.3;
						DevelopmentTeam = 95TF683BY5;
						ProvisioningStyle = Automatic;
					};
				};
			};
			buildConfigurationList = 14AAD7351F1C694F00BC6E9E /* Build configuration list for PBXProject "together" */;
			compatibilityVersion = "Xcode 3.2";
			developmentRegion = English;
			hasScannedForEncodings = 0;
			knownRegions = (
				en,
				Base,
			);
			mainGroup = 14AAD7311F1C694F00BC6E9E;
			productRefGroup = 14AAD73B1F1C694F00BC6E9E /* Products */;
			projectDirPath = "";
			projectRoot = "";
			targets = (
				14AAD7391F1C694F00BC6E9E /* together */,
			);
		};
/* End PBXProject section */

/* Begin PBXResourcesBuildPhase section */
		14AAD7381F1C694F00BC6E9E /* Resources */ = {
			isa = PBXResourcesBuildPhase;
			buildActionMask = 2147483647;
			files = (
				14AAD7481F1C694F00BC6E9E /* LaunchScreen.storyboard in Resources */,
				14AAD7451F1C694F00BC6E9E /* Assets.xcassets in Resources */,
				140FC4051F1DECBF00D92250 /* balls.png in Resources */,
				14AAD7431F1C694F00BC6E9E /* Main.storyboard in Resources */,
			);
			runOnlyForDeploymentPostprocessing = 0;
		};
/* End PBXResourcesBuildPhase section */

/* Begin PBXSourcesBuildPhase section */
		14AAD7361F1C694F00BC6E9E /* Sources */ = {
			isa = PBXSourcesBuildPhase;
			buildActionMask = 2147483647;
			files = (
				14AAD7401F1C694F00BC6E9E /* ViewController.swift in Sources */,
				1442BDAF1F1D24A000167AB9 /* testVC.swift in Sources */,
				14AAD73E1F1C694F00BC6E9E /* AppDelegate.swift in Sources */,
				14F439541F1CA27D0060D839 /* openGroupVC.swift in Sources */,
				1442BDAD1F1D1BAD00167AB9 /* classPickerVC.swift in Sources */,
			);
			runOnlyForDeploymentPostprocessing = 0;
		};
/* End PBXSourcesBuildPhase section */

/* Begin PBXVariantGroup section */
		14AAD7411F1C694F00BC6E9E /* Main.storyboard */ = {
			isa = PBXVariantGroup;
			children = (
				14AAD7421F1C694F00BC6E9E /* Base */,
			);
			name = Main.storyboard;
			sourceTree = "<group>";
		};
		14AAD7461F1C694F00BC6E9E /* LaunchScreen.storyboard */ = {
			isa = PBXVariantGroup;
			children = (
				14AAD7471F1C694F00BC6E9E /* Base */,
			);
			name = LaunchScreen.storyboard;
			sourceTree = "<group>";
		};
/* End PBXVariantGroup section */

/* Begin XCBuildConfiguration section */
		14AAD74A1F1C694F00BC6E9E /* Debug */ = {
			isa = XCBuildConfiguration;
			buildSettings = {
				ALWAYS_SEARCH_USER_PATHS = NO;
				CLANG_ANALYZER_NONNULL = YES;
				CLANG_ANALYZER_NUMBER_OBJECT_CONVERSION = YES_AGGRESSIVE;
				CLANG_CXX_LANGUAGE_STANDARD = "gnu++0x";
				CLANG_CXX_LIBRARY = "libc++";
				CLANG_ENABLE_MODULES = YES;
				CLANG_ENABLE_OBJC_ARC = YES;
				CLANG_WARN_BOOL_CONVERSION = YES;
				CLANG_WARN_CONSTANT_CONVERSION = YES;
				CLANG_WARN_DIRECT_OBJC_ISA_USAGE = YES_ERROR;
				CLANG_WARN_DOCUMENTATION_COMMENTS = YES;
				CLANG_WARN_EMPTY_BODY = YES;
				CLANG_WARN_ENUM_CONVERSION = YES;
				CLANG_WARN_INFINITE_RECURSION = YES;
				CLANG_WARN_INT_CONVERSION = YES;
				CLANG_WARN_OBJC_ROOT_CLASS = YES_ERROR;
				CLANG_WARN_SUSPICIOUS_MOVE = YES;
				CLANG_WARN_UNREACHABLE_CODE = YES;
				CLANG_WARN__DUPLICATE_METHOD_MATCH = YES;
				"CODE_SIGN_IDENTITY[sdk=iphoneos*]" = "iPhone Developer";
				COPY_PHASE_STRIP = NO;
				DEBUG_INFORMATION_FORMAT = dwarf;
				ENABLE_STRICT_OBJC_MSGSEND = YES;
				ENABLE_TESTABILITY = YES;
				GCC_C_LANGUAGE_STANDARD = gnu99;
				GCC_DYNAMIC_NO_PIC = NO;
				GCC_NO_COMMON_BLOCKS = YES;
				GCC_OPTIMIZATION_LEVEL = 0;
				GCC_PREPROCESSOR_DEFINITIONS = (
					"DEBUG=1",
					"$(inherited)",
				);
				GCC_WARN_64_TO_32_BIT_CONVERSION = YES;
				GCC_WARN_ABOUT_RETURN_TYPE = YES_ERROR;
				GCC_WARN_UNDECLARED_SELECTOR = YES;
				GCC_WARN_UNINITIALIZED_AUTOS = YES_AGGRESSIVE;
				GCC_WARN_UNUSED_FUNCTION = YES;
				GCC_WARN_UNUSED_VARIABLE = YES;
				IPHONEOS_DEPLOYMENT_TARGET = 10.3;
				MTL_ENABLE_DEBUG_INFO = YES;
				ONLY_ACTIVE_ARCH = YES;
				SDKROOT = iphoneos;
				SWIFT_ACTIVE_COMPILATION_CONDITIONS = DEBUG;
				SWIFT_OPTIMIZATION_LEVEL = "-Onone";
				TARGETED_DEVICE_FAMILY = "1,2";
			};
			name = Debug;
		};
		14AAD74B1F1C694F00BC6E9E /* Release */ = {
			isa = XCBuildConfiguration;
			buildSettings = {
				ALWAYS_SEARCH_USER_PATHS = NO;
				CLANG_ANALYZER_NONNULL = YES;
				CLANG_ANALYZER_NUMBER_OBJECT_CONVERSION = YES_AGGRESSIVE;
				CLANG_CXX_LANGUAGE_STANDARD = "gnu++0x";
				CLANG_CXX_LIBRARY = "libc++";
				CLANG_ENABLE_MODULES = YES;
				CLANG_ENABLE_OBJC_ARC = YES;
				CLANG_WARN_BOOL_CONVERSION = YES;
				CLANG_WARN_CONSTANT_CONVERSION = YES;
				CLANG_WARN_DIRECT_OBJC_ISA_USAGE = YES_ERROR;
				CLANG_WARN_DOCUMENTATION_COMMENTS = YES;
				CLANG_WARN_EMPTY_BODY = YES;
				CLANG_WARN_ENUM_CONVERSION = YES;
				CLANG_WARN_INFINITE_RECURSION = YES;
				CLANG_WARN_INT_CONVERSION = YES;
				CLANG_WARN_OBJC_ROOT_CLASS = YES_ERROR;
				CLANG_WARN_SUSPICIOUS_MOVE = YES;
				CLANG_WARN_UNREACHABLE_CODE = YES;
				CLANG_WARN__DUPLICATE_METHOD_MATCH = YES;
				"CODE_SIGN_IDENTITY[sdk=iphoneos*]" = "iPhone Developer";
				COPY_PHASE_STRIP = NO;
				DEBUG_INFORMATION_FORMAT = "dwarf-with-dsym";
				ENABLE_NS_ASSERTIONS = NO;
				ENABLE_STRICT_OBJC_MSGSEND = YES;
				GCC_C_LANGUAGE_STANDARD = gnu99;
				GCC_NO_COMMON_BLOCKS = YES;
				GCC_WARN_64_TO_32_BIT_CONVERSION = YES;
				GCC_WARN_ABOUT_RETURN_TYPE = YES_ERROR;
				GCC_WARN_UNDECLARED_SELECTOR = YES;
				GCC_WARN_UNINITIALIZED_AUTOS = YES_AGGRESSIVE;
				GCC_WARN_UNUSED_FUNCTION = YES;
				GCC_WARN_UNUSED_VARIABLE = YES;
				IPHONEOS_DEPLOYMENT_TARGET = 10.3;
				MTL_ENABLE_DEBUG_INFO = NO;
				SDKROOT = iphoneos;
				SWIFT_OPTIMIZATION_LEVEL = "-Owholemodule";
				TARGETED_DEVICE_FAMILY = "1,2";
				VALIDATE_PRODUCT = YES;
			};
			name = Release;
		};
		14AAD74D1F1C694F00BC6E9E /* Debug */ = {
			isa = XCBuildConfiguration;
			buildSettings = {
				ASSETCATALOG_COMPILER_APPICON_NAME = AppIcon;
				DEVELOPMENT_TEAM = 95TF683BY5;
				INFOPLIST_FILE = together/Info.plist;
				LD_RUNPATH_SEARCH_PATHS = "$(inherited) @executable_path/Frameworks";
				PRODUCT_BUNDLE_IDENTIFIER = tw.com.seven.together;
				PRODUCT_NAME = "$(TARGET_NAME)";
				SWIFT_VERSION = 3.0;
			};
			name = Debug;
		};
		14AAD74E1F1C694F00BC6E9E /* Release */ = {
			isa = XCBuildConfiguration;
			buildSettings = {
				ASSETCATALOG_COMPILER_APPICON_NAME = AppIcon;
				DEVELOPMENT_TEAM = 95TF683BY5;
				INFOPLIST_FILE = together/Info.plist;
				LD_RUNPATH_SEARCH_PATHS = "$(inherited) @executable_path/Frameworks";
				PRODUCT_BUNDLE_IDENTIFIER = tw.com.seven.together;
				PRODUCT_NAME = "$(TARGET_NAME)";
				SWIFT_VERSION = 3.0;
			};
			name = Release;
		};
/* End XCBuildConfiguration section */

/* Begin XCConfigurationList section */
		14AAD7351F1C694F00BC6E9E /* Build configuration list for PBXProject "together" */ = {
			isa = XCConfigurationList;
			buildConfigurations = (
				14AAD74A1F1C694F00BC6E9E /* Debug */,
				14AAD74B1F1C694F00BC6E9E /* Release */,
			);
			defaultConfigurationIsVisible = 0;
			defaultConfigurationName = Release;
		};
		14AAD74C1F1C694F00BC6E9E /* Build configuration list for PBXNativeTarget "together" */ = {
			isa = XCConfigurationList;
			buildConfigurations = (
				14AAD74D1F1C694F00BC6E9E /* Debug */,
				14AAD74E1F1C694F00BC6E9E /* Release */,
			);
			defaultConfigurationIsVisible = 0;
			defaultConfigurationName = Release;
		};
/* End XCConfigurationList section */
	};
	rootObject = 14AAD7321F1C694F00BC6E9E /* Project object */;
}
